<?xml version="1.0" encoding="utf-8"?>
<Project ToolsVersion="4.0" xmlns="http://schemas.microsoft.com/developer/msbuild/2003">
  <ItemGroup>
    <Filter Include="srcs">
      <UniqueIdentifier>{37997e08-16c7-450c-8237-443b48deac28}</UniqueIdentifier>
    </Filter>
    <Filter Include="include">
      <UniqueIdentifier>{8a0da2e1-d732-4be9-9f19-31f120bf2fd4}</UniqueIdentifier>
    </Filter>
    <Filter Include="shaders">
      <UniqueIdentifier>{b09966c0-8677-449a-8a41-8bc1e293324e}</UniqueIdentifier>
    </Filter>
  </ItemGroup>
  <ItemGroup>
    <ClInclude Include="include\Camera.h">
      <Filter>include</Filter>
    </ClInclude>
    <ClInclude Include="include\FlyweightObjectComponent.h">
      <Filter>include</Filter>
    </ClInclude>
    <ClInclude Include="include\Object.h">
      <Filter>include</Filter>
    </ClInclude>
    <ClInclude Include="include\objloader.hpp">
      <Filter>include</Filter>
    </ClInclude>
    <ClInclude Include="include\Planet.h">
      <Filter>include</Filter>
    </ClInclude>
    <ClInclude Include="include\Vertex.h">
      <Filter>include</Filter>
    </ClInclude>
    <ClInclude Include="include\VAOObject.h">
      <Filter>include</Filter>
    </ClInclude>
    <ClInclude Include="include\Plane.h">
      <Filter>include</Filter>
    </ClInclude>
    <ClInclude Include="include\Frustrum.h">
      <Filter>include</Filter>
    </ClInclude>
    <ClInclude Include="include\BoundingVolume.h">
      <Filter>include</Filter>
    </ClInclude>
    <ClInclude Include="include\BoundingSphere.h">
      <Filter>include</Filter>
    </ClInclude>
    <ClInclude Include="include\Texture.h">
      <Filter>include</Filter>
    </ClInclude>
    <ClInclude Include="include\stb_image.h">
      <Filter>include</Filter>
    </ClInclude>
    <ClInclude Include="include\SkyboxTexture.h">
      <Filter>include</Filter>
    </ClInclude>
    <ClInclude Include="include\SkyboxVAO.h">
      <Filter>include</Filter>
    </ClInclude>
    <ClInclude Include="include\Skybox.h">
      <Filter>include</Filter>
    </ClInclude>
    <ClInclude Include="include\Shader.h">
      <Filter>include</Filter>
    </ClInclude>
    <ClInclude Include="include\QuadObject.h">
      <Filter>include</Filter>
    </ClInclude>
    <ClInclude Include="include\FrameBuffer.h">
      <Filter>include</Filter>
    </ClInclude>
    <ClInclude Include="include\MainFrameBuffer.h">
      <Filter>include</Filter>
    </ClInclude>
    <ClInclude Include="include\PlanetsTexts.h">
      <Filter>include</Filter>
    </ClInclude>
  </ItemGroup>
  <ItemGroup>
    <None Include="shaders\planetShader.frag">
      <Filter>shaders</Filter>
    </None>
    <None Include="shaders\planetShader.vert">
      <Filter>shaders</Filter>
    </None>
    <None Include="shaders\skyboxShader.vert">
      <Filter>shaders</Filter>
    </None>
    <None Include="shaders\skyboxShader.frag">
      <Filter>shaders</Filter>
    </None>
    <None Include="shaders\sunShader.frag">
      <Filter>shaders</Filter>
    </None>
    <None Include="shaders\gaussianBlur.frag">
      <Filter>shaders</Filter>
    </None>
    <None Include="shaders\sceneShader.vert">
      <Filter>shaders</Filter>
    </None>
    <None Include="shaders\sceneShader.frag">
      <Filter>shaders</Filter>
    </None>
    <None Include="shaders\sunShader.vert">
      <Filter>shaders</Filter>
    </None>
    <None Include="shaders\gaussianBlur.vert">
      <Filter>shaders</Filter>
    </None>
  </ItemGroup>
  <ItemGroup>
    <ClCompile Include="srcs\Camera.cpp">
      <Filter>srcs</Filter>
    </ClCompile>
    <ClCompile Include="srcs\FlyweightObjectComponent.cpp">
      <Filter>srcs</Filter>
    </ClCompile>
    <ClCompile Include="srcs\main.cpp">
      <Filter>srcs</Filter>
    </ClCompile>
    <ClCompile Include="srcs\Object.cpp">
      <Filter>srcs</Filter>
    </ClCompile>
    <ClCompile Include="srcs\objloader.cpp">
      <Filter>srcs</Filter>
    </ClCompile>
    <ClCompile Include="srcs\Planet.cpp">
      <Filter>srcs</Filter>
    </ClCompile>
    <ClCompile Include="srcs\VAOObject.cpp">
      <Filter>srcs</Filter>
    </ClCompile>
    <ClCompile Include="srcs\Frustrum.cpp">
      <Filter>srcs</Filter>
    </ClCompile>
    <ClCompile Include="srcs\BoundingSphere.cpp">
      <Filter>srcs</Filter>
    </ClCompile>
    <ClCompile Include="srcs\Plane.cpp">
      <Filter>srcs</Filter>
    </ClCompile>
    <ClCompile Include="srcs\Texture.cpp">
      <Filter>srcs</Filter>
    </ClCompile>
    <ClCompile Include="srcs\stb_compile.cpp">
      <Filter>srcs</Filter>
    </ClCompile>
    <ClCompile Include="srcs\SkyboxTexture.cpp">
      <Filter>srcs</Filter>
    </ClCompile>
    <ClCompile Include="srcs\SkyboxVAO.cpp">
      <Filter>srcs</Filter>
    </ClCompile>
    <ClCompile Include="srcs\Shader.cpp">
      <Filter>srcs</Filter>
    </ClCompile>
    <ClCompile Include="srcs\Skybox.cpp">
      <Filter>srcs</Filter>
    </ClCompile>
    <ClCompile Include="srcs\FrameBuffer.cpp">
      <Filter>srcs</Filter>
    </ClCompile>
    <ClCompile Include="srcs\QuadObject.cpp">
      <Filter>srcs</Filter>
    </ClCompile>
    <ClCompile Include="srcs\MainFrameBuffer.cpp">
      <Filter>srcs</Filter>
    </ClCompile>
  </ItemGroup>
</Project>